
Microsoft Visual Studio Solution File, Format Version 12.00
Project("{FAE04EC0-301F-11D3-BF4B-00C04F79EFBC}") = "AOC1", "AOC1\AOC1.csproj", "{BF15E7C6-1D7A-452E-ABE5-A38A821BD895}"
EndProject
Project("{FAE04EC0-301F-11D3-BF4B-00C04F79EFBC}") = "AOC2", "AOC2\AOC2.csproj", "{C67560DA-C626-41FB-B59E-4456CFDF2A46}"
EndProject
Project("{FAE04EC0-301F-11D3-BF4B-00C04F79EFBC}") = "AOC3", "AOC3\AOC3.csproj", "{24AC80E1-EB6A-464B-ACBF-15A7027B68D4}"
EndProject
Global
	GlobalSection(SolutionConfigurationPlatforms) = preSolution
		Debug|Any CPU = Debug|Any CPU
		Release|Any CPU = Release|Any CPU
	EndGlobalSection
	GlobalSection(ProjectConfigurationPlatforms) = postSolution
		{BF15E7C6-1D7A-452E-ABE5-A38A821BD895}.Debug|Any CPU.ActiveCfg = Debug|Any CPU
		{BF15E7C6-1D7A-452E-ABE5-A38A821BD895}.Debug|Any CPU.Build.0 = Debug|Any CPU
		{BF15E7C6-1D7A-452E-ABE5-A38A821BD895}.Release|Any CPU.ActiveCfg = Release|Any CPU
		{BF15E7C6-1D7A-452E-ABE5-A38A821BD895}.Release|Any CPU.Build.0 = Release|Any CPU
		{C67560DA-C626-41FB-B59E-4456CFDF2A46}.Debug|Any CPU.ActiveCfg = Debug|Any CPU
		{C67560DA-C626-41FB-B59E-4456CFDF2A46}.Debug|Any CPU.Build.0 = Debug|Any CPU
		{C67560DA-C626-41FB-B59E-4456CFDF2A46}.Release|Any CPU.ActiveCfg = Release|Any CPU
		{C67560DA-C626-41FB-B59E-4456CFDF2A46}.Release|Any CPU.Build.0 = Release|Any CPU
		{24AC80E1-EB6A-464B-ACBF-15A7027B68D4}.Debug|Any CPU.ActiveCfg = Debug|Any CPU
		{24AC80E1-EB6A-464B-ACBF-15A7027B68D4}.Debug|Any CPU.Build.0 = Debug|Any CPU
		{24AC80E1-EB6A-464B-ACBF-15A7027B68D4}.Release|Any CPU.ActiveCfg = Release|Any CPU
		{24AC80E1-EB6A-464B-ACBF-15A7027B68D4}.Release|Any CPU.Build.0 = Release|Any CPU
	EndGlobalSection
EndGlobal
