
Microsoft Visual Studio Solution File, Format Version 12.00
# Visual Studio Version 17
VisualStudioVersion = 17.0.31919.166
MinimumVisualStudioVersion = 10.0.40219.1
Project("{F2A71F9B-5D33-465A-A702-920D77279786}") = "AOC1", "AOC1\AOC1.fsproj", "{C89D320F-0ED6-4FB4-950C-E14DF91EB477}"
EndProject
Project("{F2A71F9B-5D33-465A-A702-920D77279786}") = "AOC2", "AOC2\AOC2.fsproj", "{18519301-90FD-49EF-97F2-220A89A8646F}"
EndProject
Global
	GlobalSection(SolutionConfigurationPlatforms) = preSolution
		Debug|Any CPU = Debug|Any CPU
		Release|Any CPU = Release|Any CPU
	EndGlobalSection
	GlobalSection(ProjectConfigurationPlatforms) = postSolution
		{C89D320F-0ED6-4FB4-950C-E14DF91EB477}.Debug|Any CPU.ActiveCfg = Debug|Any CPU
		{C89D320F-0ED6-4FB4-950C-E14DF91EB477}.Debug|Any CPU.Build.0 = Debug|Any CPU
		{C89D320F-0ED6-4FB4-950C-E14DF91EB477}.Release|Any CPU.ActiveCfg = Release|Any CPU
		{C89D320F-0ED6-4FB4-950C-E14DF91EB477}.Release|Any CPU.Build.0 = Release|Any CPU
		{18519301-90FD-49EF-97F2-220A89A8646F}.Debug|Any CPU.ActiveCfg = Debug|Any CPU
		{18519301-90FD-49EF-97F2-220A89A8646F}.Debug|Any CPU.Build.0 = Debug|Any CPU
		{18519301-90FD-49EF-97F2-220A89A8646F}.Release|Any CPU.ActiveCfg = Release|Any CPU
		{18519301-90FD-49EF-97F2-220A89A8646F}.Release|Any CPU.Build.0 = Release|Any CPU
	EndGlobalSection
	GlobalSection(SolutionProperties) = preSolution
		HideSolutionNode = FALSE
	EndGlobalSection
	GlobalSection(ExtensibilityGlobals) = postSolution
		SolutionGuid = {964D412C-B412-4F49-A897-477CC1C5C55F}
	EndGlobalSection
EndGlobal
